
Microsoft Visual Studio Solution File, Format Version 12.00
# Visual Studio Version 17
VisualStudioVersion = 17.2.32602.215
MinimumVisualStudioVersion = 10.0.40219.1
Project("{FAE04EC0-301F-11D3-BF4B-00C04F79EFBC}") = "FinallyProject.WebUI", "FinallyProject.WebUI\FinallyProject.WebUI.csproj", "{B72661D7-3E9C-4B28-A57A-DA2B50D69C80}"
EndProject
Project("{FAE04EC0-301F-11D3-BF4B-00C04F79EFBC}") = "FinallyProject.Entity", "FinallyProject.Entity\FinallyProject.Entity.csproj", "{06030487-3430-4E9C-B122-4864B66014C9}"
EndProject
Project("{FAE04EC0-301F-11D3-BF4B-00C04F79EFBC}") = "FinallyProject.Data", "FinallyProject.Data\FinallyProject.Data.csproj", "{08B3E0F4-A4E5-414B-A91E-07177E3E4BB4}"
EndProject
Project("{FAE04EC0-301F-11D3-BF4B-00C04F79EFBC}") = "FinallyProject.Business", "FinallyProject.Business\FinallyProject.Business.csproj", "{302B6767-34CF-4872-94B7-E2872449F7D9}"
EndProject
Global
	GlobalSection(SolutionConfigurationPlatforms) = preSolution
		Debug|Any CPU = Debug|Any CPU
		Release|Any CPU = Release|Any CPU
	EndGlobalSection
	GlobalSection(ProjectConfigurationPlatforms) = postSolution
		{B72661D7-3E9C-4B28-A57A-DA2B50D69C80}.Debug|Any CPU.ActiveCfg = Debug|Any CPU
		{B72661D7-3E9C-4B28-A57A-DA2B50D69C80}.Debug|Any CPU.Build.0 = Debug|Any CPU
		{B72661D7-3E9C-4B28-A57A-DA2B50D69C80}.Release|Any CPU.ActiveCfg = Release|Any CPU
		{B72661D7-3E9C-4B28-A57A-DA2B50D69C80}.Release|Any CPU.Build.0 = Release|Any CPU
		{06030487-3430-4E9C-B122-4864B66014C9}.Debug|Any CPU.ActiveCfg = Debug|Any CPU
		{06030487-3430-4E9C-B122-4864B66014C9}.Debug|Any CPU.Build.0 = Debug|Any CPU
		{06030487-3430-4E9C-B122-4864B66014C9}.Release|Any CPU.ActiveCfg = Release|Any CPU
		{06030487-3430-4E9C-B122-4864B66014C9}.Release|Any CPU.Build.0 = Release|Any CPU
		{08B3E0F4-A4E5-414B-A91E-07177E3E4BB4}.Debug|Any CPU.ActiveCfg = Debug|Any CPU
		{08B3E0F4-A4E5-414B-A91E-07177E3E4BB4}.Debug|Any CPU.Build.0 = Debug|Any CPU
		{08B3E0F4-A4E5-414B-A91E-07177E3E4BB4}.Release|Any CPU.ActiveCfg = Release|Any CPU
		{08B3E0F4-A4E5-414B-A91E-07177E3E4BB4}.Release|Any CPU.Build.0 = Release|Any CPU
		{302B6767-34CF-4872-94B7-E2872449F7D9}.Debug|Any CPU.ActiveCfg = Debug|Any CPU
		{302B6767-34CF-4872-94B7-E2872449F7D9}.Debug|Any CPU.Build.0 = Debug|Any CPU
		{302B6767-34CF-4872-94B7-E2872449F7D9}.Release|Any CPU.ActiveCfg = Release|Any CPU
		{302B6767-34CF-4872-94B7-E2872449F7D9}.Release|Any CPU.Build.0 = Release|Any CPU
	EndGlobalSection
	GlobalSection(SolutionProperties) = preSolution
		HideSolutionNode = FALSE
	EndGlobalSection
	GlobalSection(ExtensibilityGlobals) = postSolution
		SolutionGuid = {72085722-E617-49B4-9D2B-B7CCBEF61D8E}
	EndGlobalSection
EndGlobal
