
Microsoft Visual Studio Solution File, Format Version 12.00
# Visual Studio Version 16
VisualStudioVersion = 16.0.31424.327
MinimumVisualStudioVersion = 10.0.40219.1
Project("{FAE04EC0-301F-11D3-BF4B-00C04F79EFBC}") = "Haber_Sitesi", "Haber_Sitesi\Haber_Sitesi.csproj", "{C304DFE3-F36F-4C98-A326-7C1139196F0E}"
EndProject
Global
	GlobalSection(SolutionConfigurationPlatforms) = preSolution
		Debug|Any CPU = Debug|Any CPU
		Release|Any CPU = Release|Any CPU
	EndGlobalSection
	GlobalSection(ProjectConfigurationPlatforms) = postSolution
		{C304DFE3-F36F-4C98-A326-7C1139196F0E}.Debug|Any CPU.ActiveCfg = Debug|Any CPU
		{C304DFE3-F36F-4C98-A326-7C1139196F0E}.Debug|Any CPU.Build.0 = Debug|Any CPU
		{C304DFE3-F36F-4C98-A326-7C1139196F0E}.Release|Any CPU.ActiveCfg = Release|Any CPU
		{C304DFE3-F36F-4C98-A326-7C1139196F0E}.Release|Any CPU.Build.0 = Release|Any CPU
	EndGlobalSection
	GlobalSection(SolutionProperties) = preSolution
		HideSolutionNode = FALSE
	EndGlobalSection
	GlobalSection(ExtensibilityGlobals) = postSolution
		SolutionGuid = {21F3F966-E39B-4AFB-A5AD-14655413E4CD}
	EndGlobalSection
EndGlobal
