
Microsoft Visual Studio Solution File, Format Version 12.00
# Visual Studio Version 16
VisualStudioVersion = 16.0.31424.327
MinimumVisualStudioVersion = 10.0.40219.1
Project("{FAE04EC0-301F-11D3-BF4B-00C04F79EFBC}") = "02_withVisualStudioProject", "02_withVisualStudioProject\02_withVisualStudioProject.csproj", "{43A96B2A-755F-48C7-AB50-A97645D5B9A0}"
EndProject
Global
	GlobalSection(SolutionConfigurationPlatforms) = preSolution
		Debug|Any CPU = Debug|Any CPU
		Release|Any CPU = Release|Any CPU
	EndGlobalSection
	GlobalSection(ProjectConfigurationPlatforms) = postSolution
		{43A96B2A-755F-48C7-AB50-A97645D5B9A0}.Debug|Any CPU.ActiveCfg = Debug|Any CPU
		{43A96B2A-755F-48C7-AB50-A97645D5B9A0}.Debug|Any CPU.Build.0 = Debug|Any CPU
		{43A96B2A-755F-48C7-AB50-A97645D5B9A0}.Release|Any CPU.ActiveCfg = Release|Any CPU
		{43A96B2A-755F-48C7-AB50-A97645D5B9A0}.Release|Any CPU.Build.0 = Release|Any CPU
	EndGlobalSection
	GlobalSection(SolutionProperties) = preSolution
		HideSolutionNode = FALSE
	EndGlobalSection
	GlobalSection(ExtensibilityGlobals) = postSolution
		SolutionGuid = {6684EF67-1B7A-423F-A633-F3A4DF1905E4}
	EndGlobalSection
EndGlobal
